
Microsoft Visual Studio Solution File, Format Version 12.00
# Visual Studio Version 17
VisualStudioVersion = 17.14.36301.6 d17.14
MinimumVisualStudioVersion = 10.0.40219.1
Project("{FAE04EC0-301F-11D3-BF4B-00C04F79EFBC}") = "PresentationLayer1", "PresentationLayer1\PresentationLayer1.csproj", "{23840089-F06E-4A3C-A34D-34CE9F7F4CB2}"
EndProject
Project("{FAE04EC0-301F-11D3-BF4B-00C04F79EFBC}") = "BusinessLayer", "BusinessLayer\BusinessLayer.csproj", "{871BE27F-AB06-42E1-826E-B03C04024174}"
EndProject
Global
	GlobalSection(SolutionConfigurationPlatforms) = preSolution
		Debug|Any CPU = Debug|Any CPU
		Release|Any CPU = Release|Any CPU
	EndGlobalSection
	GlobalSection(ProjectConfigurationPlatforms) = postSolution
		{23840089-F06E-4A3C-A34D-34CE9F7F4CB2}.Debug|Any CPU.ActiveCfg = Debug|Any CPU
		{23840089-F06E-4A3C-A34D-34CE9F7F4CB2}.Debug|Any CPU.Build.0 = Debug|Any CPU
		{23840089-F06E-4A3C-A34D-34CE9F7F4CB2}.Release|Any CPU.ActiveCfg = Release|Any CPU
		{23840089-F06E-4A3C-A34D-34CE9F7F4CB2}.Release|Any CPU.Build.0 = Release|Any CPU
		{871BE27F-AB06-42E1-826E-B03C04024174}.Debug|Any CPU.ActiveCfg = Debug|Any CPU
		{871BE27F-AB06-42E1-826E-B03C04024174}.Debug|Any CPU.Build.0 = Debug|Any CPU
		{871BE27F-AB06-42E1-826E-B03C04024174}.Release|Any CPU.ActiveCfg = Release|Any CPU
		{871BE27F-AB06-42E1-826E-B03C04024174}.Release|Any CPU.Build.0 = Release|Any CPU
	EndGlobalSection
	GlobalSection(SolutionProperties) = preSolution
		HideSolutionNode = FALSE
	EndGlobalSection
	GlobalSection(ExtensibilityGlobals) = postSolution
		SolutionGuid = {14F8685D-6A92-4F2D-B6F8-BC94635B7ADA}
	EndGlobalSection
EndGlobal
